
Microsoft Visual Studio Solution File, Format Version 12.00
# Visual Studio Version 16
VisualStudioVersion = 16.0.31605.320
MinimumVisualStudioVersion = 10.0.40219.1
Project("{FAE04EC0-301F-11D3-BF4B-00C04F79EFBC}") = "MyFirstProgram", "MyFirstProgram.csproj", "{DD071A00-B23D-44DB-B452-89DC63A79303}"
EndProject
Global
	GlobalSection(SolutionConfigurationPlatforms) = preSolution
		Debug|Any CPU = Debug|Any CPU
		Release|Any CPU = Release|Any CPU
	EndGlobalSection
	GlobalSection(ProjectConfigurationPlatforms) = postSolution
		{DD071A00-B23D-44DB-B452-89DC63A79303}.Debug|Any CPU.ActiveCfg = Debug|Any CPU
		{DD071A00-B23D-44DB-B452-89DC63A79303}.Debug|Any CPU.Build.0 = Debug|Any CPU
		{DD071A00-B23D-44DB-B452-89DC63A79303}.Release|Any CPU.ActiveCfg = Release|Any CPU
		{DD071A00-B23D-44DB-B452-89DC63A79303}.Release|Any CPU.Build.0 = Release|Any CPU
	EndGlobalSection
	GlobalSection(SolutionProperties) = preSolution
		HideSolutionNode = FALSE
	EndGlobalSection
	GlobalSection(ExtensibilityGlobals) = postSolution
		SolutionGuid = {3C0E114D-BC51-4B72-B734-90E38BCC14F0}
	EndGlobalSection
EndGlobal
